
Microsoft Visual Studio Solution File, Format Version 12.00
# Visual Studio 15
VisualStudioVersion = 15.0.27130.2024
MinimumVisualStudioVersion = 10.0.40219.1
Project("{FAE04EC0-301F-11D3-BF4B-00C04F79EFBC}") = "FinScrape", "FinScrape\FinScrape.csproj", "{9678D98C-D538-4391-80BB-376E54AFC334}"
EndProject
Project("{FAE04EC0-301F-11D3-BF4B-00C04F79EFBC}") = "FinScrape.Tests", "FinScrape.Tests\FinScrape.Tests.csproj", "{A26DFA1D-2B16-4D8E-9C65-F17D1AB70838}"
EndProject
Global
	GlobalSection(SolutionConfigurationPlatforms) = preSolution
		Debug|Any CPU = Debug|Any CPU
		Release|Any CPU = Release|Any CPU
	EndGlobalSection
	GlobalSection(ProjectConfigurationPlatforms) = postSolution
		{9678D98C-D538-4391-80BB-376E54AFC334}.Debug|Any CPU.ActiveCfg = Debug|Any CPU
		{9678D98C-D538-4391-80BB-376E54AFC334}.Debug|Any CPU.Build.0 = Debug|Any CPU
		{9678D98C-D538-4391-80BB-376E54AFC334}.Release|Any CPU.ActiveCfg = Release|Any CPU
		{9678D98C-D538-4391-80BB-376E54AFC334}.Release|Any CPU.Build.0 = Release|Any CPU
		{A26DFA1D-2B16-4D8E-9C65-F17D1AB70838}.Debug|Any CPU.ActiveCfg = Debug|Any CPU
		{A26DFA1D-2B16-4D8E-9C65-F17D1AB70838}.Debug|Any CPU.Build.0 = Debug|Any CPU
		{A26DFA1D-2B16-4D8E-9C65-F17D1AB70838}.Release|Any CPU.ActiveCfg = Release|Any CPU
		{A26DFA1D-2B16-4D8E-9C65-F17D1AB70838}.Release|Any CPU.Build.0 = Release|Any CPU
	EndGlobalSection
	GlobalSection(SolutionProperties) = preSolution
		HideSolutionNode = FALSE
	EndGlobalSection
	GlobalSection(ExtensibilityGlobals) = postSolution
		SolutionGuid = {4470DFBC-7A7D-4CAB-BB48-EEC28883728E}
	EndGlobalSection
EndGlobal
